
Microsoft Visual Studio Solution File, Format Version 11.00
# Visual Studio 2010
Project("{FAE04EC0-301F-11D3-BF4B-00C04F79EFBC}") = "Horse Farm - Simulator", "Assembly-CSharp.csproj", "{A6980FFB-D23F-1D94-8883-0DC6996F7AB2}"
EndProject
Project("{FAE04EC0-301F-11D3-BF4B-00C04F79EFBC}") = "Horse Farm - Simulator", "Assembly-CSharp-Editor.csproj", "{9809CBB8-814C-935A-ED5F-939B87D7DCAF}"
EndProject
Global
	GlobalSection(SolutionConfigurationPlatforms) = preSolution
		Debug|Any CPU = Debug|Any CPU
		Release|Any CPU = Release|Any CPU
	EndGlobalSection
	GlobalSection(ProjectConfigurationPlatforms) = postSolution
		{A6980FFB-D23F-1D94-8883-0DC6996F7AB2}.Debug|Any CPU.ActiveCfg = Debug|Any CPU
		{A6980FFB-D23F-1D94-8883-0DC6996F7AB2}.Debug|Any CPU.Build.0 = Debug|Any CPU
		{A6980FFB-D23F-1D94-8883-0DC6996F7AB2}.Release|Any CPU.ActiveCfg = Release|Any CPU
		{A6980FFB-D23F-1D94-8883-0DC6996F7AB2}.Release|Any CPU.Build.0 = Release|Any CPU
		{9809CBB8-814C-935A-ED5F-939B87D7DCAF}.Debug|Any CPU.ActiveCfg = Debug|Any CPU
		{9809CBB8-814C-935A-ED5F-939B87D7DCAF}.Debug|Any CPU.Build.0 = Debug|Any CPU
		{9809CBB8-814C-935A-ED5F-939B87D7DCAF}.Release|Any CPU.ActiveCfg = Release|Any CPU
		{9809CBB8-814C-935A-ED5F-939B87D7DCAF}.Release|Any CPU.Build.0 = Release|Any CPU
	EndGlobalSection
	GlobalSection(SolutionProperties) = preSolution
		HideSolutionNode = FALSE
	EndGlobalSection
	GlobalSection(MonoDevelopProperties) = preSolution
		StartupItem = Assembly-CSharp.csproj
	EndGlobalSection
EndGlobal
